// !$*UTF8*$!
{
	archiveVersion = 1;
	classes = {
	};
	objectVersion = 56;
	objects = {

/* Begin PBXBuildFile section */
		B2D80FE42BA55B94005FB3A8 /* AppDelegate.swift in Sources */ = {isa = PBXBuildFile; fileRef = B2D80FE32BA55B94005FB3A8 /* AppDelegate.swift */; };
		B2D80FE62BA55B94005FB3A8 /* SceneDelegate.swift in Sources */ = {isa = PBXBuildFile; fileRef = B2D80FE52BA55B94005FB3A8 /* SceneDelegate.swift */; };
		B2D80FE82BA55B94005FB3A8 /* ViewController.swift in Sources */ = {isa = PBXBuildFile; fileRef = B2D80FE72BA55B94005FB3A8 /* ViewController.swift */; };
		B2D80FEB2BA55B94005FB3A8 /* Base in Resources */ = {isa = PBXBuildFile; fileRef = B2D80FEA2BA55B94005FB3A8 /* Base */; };
		B2D80FED2BA55B95005FB3A8 /* Assets.xcassets in Resources */ = {isa = PBXBuildFile; fileRef = B2D80FEC2BA55B95005FB3A8 /* Assets.xcassets */; };
		B2D80FF02BA55B95005FB3A8 /* Base in Resources */ = {isa = PBXBuildFile; fileRef = B2D80FEF2BA55B95005FB3A8 /* Base */; };
		B2D80FFB2BA55B95005FB3A8 /* KTVTests.swift in Sources */ = {isa = PBXBuildFile; fileRef = B2D80FFA2BA55B95005FB3A8 /* KTVTests.swift */; };
		B2D810052BA55B95005FB3A8 /* KTVUITests.swift in Sources */ = {isa = PBXBuildFile; fileRef = B2D810042BA55B95005FB3A8 /* KTVUITests.swift */; };
		B2D810072BA55B95005FB3A8 /* KTVUITestsLaunchTests.swift in Sources */ = {isa = PBXBuildFile; fileRef = B2D810062BA55B95005FB3A8 /* KTVUITestsLaunchTests.swift */; };
/* End PBXBuildFile section */

/* Begin PBXContainerItemProxy section */
		B2D80FF72BA55B95005FB3A8 /* PBXContainerItemProxy */ = {
			isa = PBXContainerItemProxy;
			containerPortal = B2D80FD82BA55B94005FB3A8 /* Project object */;
			proxyType = 1;
			remoteGlobalIDString = B2D80FDF2BA55B94005FB3A8;
			remoteInfo = KTV;
		};
		B2D810012BA55B95005FB3A8 /* PBXContainerItemProxy */ = {
			isa = PBXContainerItemProxy;
			containerPortal = B2D80FD82BA55B94005FB3A8 /* Project object */;
			proxyType = 1;
			remoteGlobalIDString = B2D80FDF2BA55B94005FB3A8;
			remoteInfo = KTV;
		};
/* End PBXContainerItemProxy section */

/* Begin PBXFileReference section */
		B2D80FE02BA55B94005FB3A8 /* KTV.app */ = {isa = PBXFileReference; explicitFileType = wrapper.application; includeInIndex = 0; path = KTV.app; sourceTree = BUILT_PRODUCTS_DIR; };
		B2D80FE32BA55B94005FB3A8 /* AppDelegate.swift */ = {isa = PBXFileReference; lastKnownFileType = sourcecode.swift; path = AppDelegate.swift; sourceTree = "<group>"; };
		B2D80FE52BA55B94005FB3A8 /* SceneDelegate.swift */ = {isa = PBXFileReference; lastKnownFileType = sourcecode.swift; path = SceneDelegate.swift; sourceTree = "<group>"; };
		B2D80FE72BA55B94005FB3A8 /* ViewController.swift */ = {isa = PBXFileReference; lastKnownFileType = sourcecode.swift; path = ViewController.swift; sourceTree = "<group>"; };
		B2D80FEA2BA55B94005FB3A8 /* Base */ = {isa = PBXFileReference; lastKnownFileType = file.storyboard; name = Base; path = Base.lproj/Main.storyboard; sourceTree = "<group>"; };
		B2D80FEC2BA55B95005FB3A8 /* Assets.xcassets */ = {isa = PBXFileReference; lastKnownFileType = folder.assetcatalog; path = Assets.xcassets; sourceTree = "<group>"; };
		B2D80FEF2BA55B95005FB3A8 /* Base */ = {isa = PBXFileReference; lastKnownFileType = file.storyboard; name = Base; path = Base.lproj/LaunchScreen.storyboard; sourceTree = "<group>"; };
		B2D80FF12BA55B95005FB3A8 /* Info.plist */ = {isa = PBXFileReference; lastKnownFileType = text.plist.xml; path = Info.plist; sourceTree = "<group>"; };
		B2D80FF62BA55B95005FB3A8 /* KTVTests.xctest */ = {isa = PBXFileReference; explicitFileType = wrapper.cfbundle; includeInIndex = 0; path = KTVTests.xctest; sourceTree = BUILT_PRODUCTS_DIR; };
		B2D80FFA2BA55B95005FB3A8 /* KTVTests.swift */ = {isa = PBXFileReference; lastKnownFileType = sourcecode.swift; path = KTVTests.swift; sourceTree = "<group>"; };
		B2D810002BA55B95005FB3A8 /* KTVUITests.xctest */ = {isa = PBXFileReference; explicitFileType = wrapper.cfbundle; includeInIndex = 0; path = KTVUITests.xctest; sourceTree = BUILT_PRODUCTS_DIR; };
		B2D810042BA55B95005FB3A8 /* KTVUITests.swift */ = {isa = PBXFileReference; lastKnownFileType = sourcecode.swift; path = KTVUITests.swift; sourceTree = "<group>"; };
		B2D810062BA55B95005FB3A8 /* KTVUITestsLaunchTests.swift */ = {isa = PBXFileReference; lastKnownFileType = sourcecode.swift; path = KTVUITestsLaunchTests.swift; sourceTree = "<group>"; };
/* End PBXFileReference section */

/* Begin PBXFrameworksBuildPhase section */
		B2D80FDD2BA55B94005FB3A8 /* Frameworks */ = {
			isa = PBXFrameworksBuildPhase;
			buildActionMask = 2147483647;
			files = (
			);
			runOnlyForDeploymentPostprocessing = 0;
		};
		B2D80FF32BA55B95005FB3A8 /* Frameworks */ = {
			isa = PBXFrameworksBuildPhase;
			buildActionMask = 2147483647;
			files = (
			);
			runOnlyForDeploymentPostprocessing = 0;
		};
		B2D80FFD2BA55B95005FB3A8 /* Frameworks */ = {
			isa = PBXFrameworksBuildPhase;
			buildActionMask = 2147483647;
			files = (
			);
			runOnlyForDeploymentPostprocessing = 0;
		};
/* End PBXFrameworksBuildPhase section */

/* Begin PBXGroup section */
		B2D80FD72BA55B94005FB3A8 = {
			isa = PBXGroup;
			children = (
				B2D80FE22BA55B94005FB3A8 /* KTV */,
				B2D80FF92BA55B95005FB3A8 /* KTVTests */,
				B2D810032BA55B95005FB3A8 /* KTVUITests */,
				B2D80FE12BA55B94005FB3A8 /* Products */,
			);
			sourceTree = "<group>";
		};
		B2D80FE12BA55B94005FB3A8 /* Products */ = {
			isa = PBXGroup;
			children = (
				B2D80FE02BA55B94005FB3A8 /* KTV.app */,
				B2D80FF62BA55B95005FB3A8 /* KTVTests.xctest */,
				B2D810002BA55B95005FB3A8 /* KTVUITests.xctest */,
			);
			name = Products;
			sourceTree = "<group>";
		};
		B2D80FE22BA55B94005FB3A8 /* KTV */ = {
			isa = PBXGroup;
			children = (
				B2D80FE32BA55B94005FB3A8 /* AppDelegate.swift */,
				B2D80FE52BA55B94005FB3A8 /* SceneDelegate.swift */,
				B2D80FE72BA55B94005FB3A8 /* ViewController.swift */,
				B2D80FE92BA55B94005FB3A8 /* Main.storyboard */,
				B2D80FEC2BA55B95005FB3A8 /* Assets.xcassets */,
				B2D80FEE2BA55B95005FB3A8 /* LaunchScreen.storyboard */,
				B2D80FF12BA55B95005FB3A8 /* Info.plist */,
			);
			path = KTV;
			sourceTree = "<group>";
		};
		B2D80FF92BA55B95005FB3A8 /* KTVTests */ = {
			isa = PBXGroup;
			children = (
				B2D80FFA2BA55B95005FB3A8 /* KTVTests.swift */,
			);
			path = KTVTests;
			sourceTree = "<group>";
		};
		B2D810032BA55B95005FB3A8 /* KTVUITests */ = {
			isa = PBXGroup;
			children = (
				B2D810042BA55B95005FB3A8 /* KTVUITests.swift */,
				B2D810062BA55B95005FB3A8 /* KTVUITestsLaunchTests.swift */,
			);
			path = KTVUITests;
			sourceTree = "<group>";
		};
/* End PBXGroup section */

/* Begin PBXNativeTarget section */
		B2D80FDF2BA55B94005FB3A8 /* KTV */ = {
			isa = PBXNativeTarget;
			buildConfigurationList = B2D8100A2BA55B95005FB3A8 /* Build configuration list for PBXNativeTarget "KTV" */;
			buildPhases = (
				B2D80FDC2BA55B94005FB3A8 /* Sources */,
				B2D80FDD2BA55B94005FB3A8 /* Frameworks */,
				B2D80FDE2BA55B94005FB3A8 /* Resources */,
			);
			buildRules = (
			);
			dependencies = (
			);
			name = KTV;
			productName = KTV;
			productReference = B2D80FE02BA55B94005FB3A8 /* KTV.app */;
			productType = "com.apple.product-type.application";
		};
		B2D80FF52BA55B95005FB3A8 /* KTVTests */ = {
			isa = PBXNativeTarget;
			buildConfigurationList = B2D8100D2BA55B95005FB3A8 /* Build configuration list for PBXNativeTarget "KTVTests" */;
			buildPhases = (
				B2D80FF22BA55B95005FB3A8 /* Sources */,
				B2D80FF32BA55B95005FB3A8 /* Frameworks */,
				B2D80FF42BA55B95005FB3A8 /* Resources */,
			);
			buildRules = (
			);
			dependencies = (
				B2D80FF82BA55B95005FB3A8 /* PBXTargetDependency */,
			);
			name = KTVTests;
			productName = KTVTests;
			productReference = B2D80FF62BA55B95005FB3A8 /* KTVTests.xctest */;
			productType = "com.apple.product-type.bundle.unit-test";
		};
		B2D80FFF2BA55B95005FB3A8 /* KTVUITests */ = {
			isa = PBXNativeTarget;
			buildConfigurationList = B2D810102BA55B95005FB3A8 /* Build configuration list for PBXNativeTarget "KTVUITests" */;
			buildPhases = (
				B2D80FFC2BA55B95005FB3A8 /* Sources */,
				B2D80FFD2BA55B95005FB3A8 /* Frameworks */,
				B2D80FFE2BA55B95005FB3A8 /* Resources */,
			);
			buildRules = (
			);
			dependencies = (
				B2D810022BA55B95005FB3A8 /* PBXTargetDependency */,
			);
			name = KTVUITests;
			productName = KTVUITests;
			productReference = B2D810002BA55B95005FB3A8 /* KTVUITests.xctest */;
			productType = "com.apple.product-type.bundle.ui-testing";
		};
/* End PBXNativeTarget section */

/* Begin PBXProject section */
		B2D80FD82BA55B94005FB3A8 /* Project object */ = {
			isa = PBXProject;
			attributes = {
				BuildIndependentTargetsInParallel = 1;
				LastSwiftUpdateCheck = 1530;
				LastUpgradeCheck = 1530;
				TargetAttributes = {
					B2D80FDF2BA55B94005FB3A8 = {
						CreatedOnToolsVersion = 15.3;
					};
					B2D80FF52BA55B95005FB3A8 = {
						CreatedOnToolsVersion = 15.3;
						TestTargetID = B2D80FDF2BA55B94005FB3A8;
					};
					B2D80FFF2BA55B95005FB3A8 = {
						CreatedOnToolsVersion = 15.3;
						TestTargetID = B2D80FDF2BA55B94005FB3A8;
					};
				};
			};
			buildConfigurationList = B2D80FDB2BA55B94005FB3A8 /* Build configuration list for PBXProject "KTV" */;
			compatibilityVersion = "Xcode 14.0";
			developmentRegion = en;
			hasScannedForEncodings = 0;
			knownRegions = (
				en,
				Base,
			);
			mainGroup = B2D80FD72BA55B94005FB3A8;
			productRefGroup = B2D80FE12BA55B94005FB3A8 /* Products */;
			projectDirPath = "";
			projectRoot = "";
			targets = (
				B2D80FDF2BA55B94005FB3A8 /* KTV */,
				B2D80FF52BA55B95005FB3A8 /* KTVTests */,
				B2D80FFF2BA55B95005FB3A8 /* KTVUITests */,
			);
		};
/* End PBXProject section */

/* Begin PBXResourcesBuildPhase section */
		B2D80FDE2BA55B94005FB3A8 /* Resources */ = {
			isa = PBXResourcesBuildPhase;
			buildActionMask = 2147483647;
			files = (
				B2D80FED2BA55B95005FB3A8 /* Assets.xcassets in Resources */,
				B2D80FF02BA55B95005FB3A8 /* Base in Resources */,
				B2D80FEB2BA55B94005FB3A8 /* Base in Resources */,
			);
			runOnlyForDeploymentPostprocessing = 0;
		};
		B2D80FF42BA55B95005FB3A8 /* Resources */ = {
			isa = PBXResourcesBuildPhase;
			buildActionMask = 2147483647;
			files = (
			);
			runOnlyForDeploymentPostprocessing = 0;
		};
		B2D80FFE2BA55B95005FB3A8 /* Resources */ = {
			isa = PBXResourcesBuildPhase;
			buildActionMask = 2147483647;
			files = (
			);
			runOnlyForDeploymentPostprocessing = 0;
		};
/* End PBXResourcesBuildPhase section */

/* Begin PBXSourcesBuildPhase section */
		B2D80FDC2BA55B94005FB3A8 /* Sources */ = {
			isa = PBXSourcesBuildPhase;
			buildActionMask = 2147483647;
			files = (
				B2D80FE82BA55B94005FB3A8 /* ViewController.swift in Sources */,
				B2D80FE42BA55B94005FB3A8 /* AppDelegate.swift in Sources */,
				B2D80FE62BA55B94005FB3A8 /* SceneDelegate.swift in Sources */,
			);
			runOnlyForDeploymentPostprocessing = 0;
		};
		B2D80FF22BA55B95005FB3A8 /* Sources */ = {
			isa = PBXSourcesBuildPhase;
			buildActionMask = 2147483647;
			files = (
				B2D80FFB2BA55B95005FB3A8 /* KTVTests.swift in Sources */,
			);
			runOnlyForDeploymentPostprocessing = 0;
		};
		B2D80FFC2BA55B95005FB3A8 /* Sources */ = {
			isa = PBXSourcesBuildPhase;
			buildActionMask = 2147483647;
			files = (
				B2D810072BA55B95005FB3A8 /* KTVUITestsLaunchTests.swift in Sources */,
				B2D810052BA55B95005FB3A8 /* KTVUITests.swift in Sources */,
			);
			runOnlyForDeploymentPostprocessing = 0;
		};
/* End PBXSourcesBuildPhase section */

/* Begin PBXTargetDependency section */
		B2D80FF82BA55B95005FB3A8 /* PBXTargetDependency */ = {
			isa = PBXTargetDependency;
			target = B2D80FDF2BA55B94005FB3A8 /* KTV */;
			targetProxy = B2D80FF72BA55B95005FB3A8 /* PBXContainerItemProxy */;
		};
		B2D810022BA55B95005FB3A8 /* PBXTargetDependency */ = {
			isa = PBXTargetDependency;
			target = B2D80FDF2BA55B94005FB3A8 /* KTV */;
			targetProxy = B2D810012BA55B95005FB3A8 /* PBXContainerItemProxy */;
		};
/* End PBXTargetDependency section */

/* Begin PBXVariantGroup section */
		B2D80FE92BA55B94005FB3A8 /* Main.storyboard */ = {
			isa = PBXVariantGroup;
			children = (
				B2D80FEA2BA55B94005FB3A8 /* Base */,
			);
			name = Main.storyboard;
			sourceTree = "<group>";
		};
		B2D80FEE2BA55B95005FB3A8 /* LaunchScreen.storyboard */ = {
			isa = PBXVariantGroup;
			children = (
				B2D80FEF2BA55B95005FB3A8 /* Base */,
			);
			name = LaunchScreen.storyboard;
			sourceTree = "<group>";
		};
/* End PBXVariantGroup section */

/* Begin XCBuildConfiguration section */
		B2D810082BA55B95005FB3A8 /* Debug */ = {
			isa = XCBuildConfiguration;
			buildSettings = {
				ALWAYS_SEARCH_USER_PATHS = NO;
				ASSETCATALOG_COMPILER_GENERATE_SWIFT_ASSET_SYMBOL_EXTENSIONS = YES;
				CLANG_ANALYZER_NONNULL = YES;
				CLANG_ANALYZER_NUMBER_OBJECT_CONVERSION = YES_AGGRESSIVE;
				CLANG_CXX_LANGUAGE_STANDARD = "gnu++20";
				CLANG_ENABLE_MODULES = YES;
				CLANG_ENABLE_OBJC_ARC = YES;
				CLANG_ENABLE_OBJC_WEAK = YES;
				CLANG_WARN_BLOCK_CAPTURE_AUTORELEASING = YES;
				CLANG_WARN_BOOL_CONVERSION = YES;
				CLANG_WARN_COMMA = YES;
				CLANG_WARN_CONSTANT_CONVERSION = YES;
				CLANG_WARN_DEPRECATED_OBJC_IMPLEMENTATIONS = YES;
				CLANG_WARN_DIRECT_OBJC_ISA_USAGE = YES_ERROR;
				CLANG_WARN_DOCUMENTATION_COMMENTS = YES;
				CLANG_WARN_EMPTY_BODY = YES;
				CLANG_WARN_ENUM_CONVERSION = YES;
				CLANG_WARN_INFINITE_RECURSION = YES;
				CLANG_WARN_INT_CONVERSION = YES;
				CLANG_WARN_NON_LITERAL_NULL_CONVERSION = YES;
				CLANG_WARN_OBJC_IMPLICIT_RETAIN_SELF = YES;
				CLANG_WARN_OBJC_LITERAL_CONVERSION = YES;
				CLANG_WARN_OBJC_ROOT_CLASS = YES_ERROR;
				CLANG_WARN_QUOTED_INCLUDE_IN_FRAMEWORK_HEADER = YES;
				CLANG_WARN_RANGE_LOOP_ANALYSIS = YES;
				CLANG_WARN_STRICT_PROTOTYPES = YES;
				CLANG_WARN_SUSPICIOUS_MOVE = YES;
				CLANG_WARN_UNGUARDED_AVAILABILITY = YES_AGGRESSIVE;
				CLANG_WARN_UNREACHABLE_CODE = YES;
				CLANG_WARN__DUPLICATE_METHOD_MATCH = YES;
				COPY_PHASE_STRIP = NO;
				DEBUG_INFORMATION_FORMAT = dwarf;
				ENABLE_STRICT_OBJC_MSGSEND = YES;
				ENABLE_TESTABILITY = YES;
				ENABLE_USER_SCRIPT_SANDBOXING = YES;
				GCC_C_LANGUAGE_STANDARD = gnu17;
				GCC_DYNAMIC_NO_PIC = NO;
				GCC_NO_COMMON_BLOCKS = YES;
				GCC_OPTIMIZATION_LEVEL = 0;
				GCC_PREPROCESSOR_DEFINITIONS = (
					"DEBUG=1",
					"$(inherited)",
				);
				GCC_WARN_64_TO_32_BIT_CONVERSION = YES;
				GCC_WARN_ABOUT_RETURN_TYPE = YES_ERROR;
				GCC_WARN_UNDECLARED_SELECTOR = YES;
				GCC_WARN_UNINITIALIZED_AUTOS = YES_AGGRESSIVE;
				GCC_WARN_UNUSED_FUNCTION = YES;
				GCC_WARN_UNUSED_VARIABLE = YES;
				IPHONEOS_DEPLOYMENT_TARGET = 17.4;
				LOCALIZATION_PREFERS_STRING_CATALOGS = YES;
				MTL_ENABLE_DEBUG_INFO = INCLUDE_SOURCE;
				MTL_FAST_MATH = YES;
				ONLY_ACTIVE_ARCH = YES;
				SDKROOT = iphoneos;
				SWIFT_ACTIVE_COMPILATION_CONDITIONS = "DEBUG $(inherited)";
				SWIFT_OPTIMIZATION_LEVEL = "-Onone";
			};
			name = Debug;
		};
		B2D810092BA55B95005FB3A8 /* Release */ = {
			isa = XCBuildConfiguration;
			buildSettings = {
				ALWAYS_SEARCH_USER_PATHS = NO;
				ASSETCATALOG_COMPILER_GENERATE_SWIFT_ASSET_SYMBOL_EXTENSIONS = YES;
				CLANG_ANALYZER_NONNULL = YES;
				CLANG_ANALYZER_NUMBER_OBJECT_CONVERSION = YES_AGGRESSIVE;
				CLANG_CXX_LANGUAGE_STANDARD = "gnu++20";
				CLANG_ENABLE_MODULES = YES;
				CLANG_ENABLE_OBJC_ARC = YES;
				CLANG_ENABLE_OBJC_WEAK = YES;
				CLANG_WARN_BLOCK_CAPTURE_AUTORELEASING = YES;
				CLANG_WARN_BOOL_CONVERSION = YES;
				CLANG_WARN_COMMA = YES;
				CLANG_WARN_CONSTANT_CONVERSION = YES;
				CLANG_WARN_DEPRECATED_OBJC_IMPLEMENTATIONS = YES;
				CLANG_WARN_DIRECT_OBJC_ISA_USAGE = YES_ERROR;
				CLANG_WARN_DOCUMENTATION_COMMENTS = YES;
				CLANG_WARN_EMPTY_BODY = YES;
				CLANG_WARN_ENUM_CONVERSION = YES;
				CLANG_WARN_INFINITE_RECURSION = YES;
				CLANG_WARN_INT_CONVERSION = YES;
				CLANG_WARN_NON_LITERAL_NULL_CONVERSION = YES;
				CLANG_WARN_OBJC_IMPLICIT_RETAIN_SELF = YES;
				CLANG_WARN_OBJC_LITERAL_CONVERSION = YES;
				CLANG_WARN_OBJC_ROOT_CLASS = YES_ERROR;
				CLANG_WARN_QUOTED_INCLUDE_IN_FRAMEWORK_HEADER = YES;
				CLANG_WARN_RANGE_LOOP_ANALYSIS = YES;
				CLANG_WARN_STRICT_PROTOTYPES = YES;
				CLANG_WARN_SUSPICIOUS_MOVE = YES;
				CLANG_WARN_UNGUARDED_AVAILABILITY = YES_AGGRESSIVE;
				CLANG_WARN_UNREACHABLE_CODE = YES;
				CLANG_WARN__DUPLICATE_METHOD_MATCH = YES;
				COPY_PHASE_STRIP = NO;
				DEBUG_INFORMATION_FORMAT = "dwarf-with-dsym";
				ENABLE_NS_ASSERTIONS = NO;
				ENABLE_STRICT_OBJC_MSGSEND = YES;
				ENABLE_USER_SCRIPT_SANDBOXING = YES;
				GCC_C_LANGUAGE_STANDARD = gnu17;
				GCC_NO_COMMON_BLOCKS = YES;
				GCC_WARN_64_TO_32_BIT_CONVERSION = YES;
				GCC_WARN_ABOUT_RETURN_TYPE = YES_ERROR;
				GCC_WARN_UNDECLARED_SELECTOR = YES;
				GCC_WARN_UNINITIALIZED_AUTOS = YES_AGGRESSIVE;
				GCC_WARN_UNUSED_FUNCTION = YES;
				GCC_WARN_UNUSED_VARIABLE = YES;
				IPHONEOS_DEPLOYMENT_TARGET = 17.4;
				LOCALIZATION_PREFERS_STRING_CATALOGS = YES;
				MTL_ENABLE_DEBUG_INFO = NO;
				MTL_FAST_MATH = YES;
				SDKROOT = iphoneos;
				SWIFT_COMPILATION_MODE = wholemodule;
				VALIDATE_PRODUCT = YES;
			};
			name = Release;
		};
		B2D8100B2BA55B95005FB3A8 /* Debug */ = {
			isa = XCBuildConfiguration;
			buildSettings = {
				ASSETCATALOG_COMPILER_APPICON_NAME = AppIcon;
				ASSETCATALOG_COMPILER_GLOBAL_ACCENT_COLOR_NAME = AccentColor;
				CODE_SIGN_STYLE = Automatic;
				CURRENT_PROJECT_VERSION = 1;
				GENERATE_INFOPLIST_FILE = YES;
				INFOPLIST_FILE = KTV/Info.plist;
				INFOPLIST_KEY_UIApplicationSupportsIndirectInputEvents = YES;
				INFOPLIST_KEY_UILaunchStoryboardName = LaunchScreen;
				INFOPLIST_KEY_UIMainStoryboardFile = Main;
				INFOPLIST_KEY_UISupportedInterfaceOrientations_iPad = "UIInterfaceOrientationPortrait UIInterfaceOrientationPortraitUpsideDown UIInterfaceOrientationLandscapeLeft UIInterfaceOrientationLandscapeRight";
				INFOPLIST_KEY_UISupportedInterfaceOrientations_iPhone = "UIInterfaceOrientationPortrait UIInterfaceOrientationLandscapeLeft UIInterfaceOrientationLandscapeRight";
				LD_RUNPATH_SEARCH_PATHS = (
					"$(inherited)",
					"@executable_path/Frameworks",
				);
				MARKETING_VERSION = 1.0;
				PRODUCT_BUNDLE_IDENTIFIER = com.inho.KTV;
				PRODUCT_NAME = "$(TARGET_NAME)";
				SWIFT_EMIT_LOC_STRINGS = YES;
				SWIFT_VERSION = 5.0;
				TARGETED_DEVICE_FAMILY = "1,2";
			};
			name = Debug;
		};
		B2D8100C2BA55B95005FB3A8 /* Release */ = {
			isa = XCBuildConfiguration;
			buildSettings = {
				ASSETCATALOG_COMPILER_APPICON_NAME = AppIcon;
				ASSETCATALOG_COMPILER_GLOBAL_ACCENT_COLOR_NAME = AccentColor;
				CODE_SIGN_STYLE = Automatic;
				CURRENT_PROJECT_VERSION = 1;
				GENERATE_INFOPLIST_FILE = YES;
				INFOPLIST_FILE = KTV/Info.plist;
				INFOPLIST_KEY_UIApplicationSupportsIndirectInputEvents = YES;
				INFOPLIST_KEY_UILaunchStoryboardName = LaunchScreen;
				INFOPLIST_KEY_UIMainStoryboardFile = Main;
				INFOPLIST_KEY_UISupportedInterfaceOrientations_iPad = "UIInterfaceOrientationPortrait UIInterfaceOrientationPortraitUpsideDown UIInterfaceOrientationLandscapeLeft UIInterfaceOrientationLandscapeRight";
				INFOPLIST_KEY_UISupportedInterfaceOrientations_iPhone = "UIInterfaceOrientationPortrait UIInterfaceOrientationLandscapeLeft UIInterfaceOrientationLandscapeRight";
				LD_RUNPATH_SEARCH_PATHS = (
					"$(inherited)",
					"@executable_path/Frameworks",
				);
				MARKETING_VERSION = 1.0;
				PRODUCT_BUNDLE_IDENTIFIER = com.inho.KTV;
				PRODUCT_NAME = "$(TARGET_NAME)";
				SWIFT_EMIT_LOC_STRINGS = YES;
				SWIFT_VERSION = 5.0;
				TARGETED_DEVICE_FAMILY = "1,2";
			};
			name = Release;
		};
		B2D8100E2BA55B95005FB3A8 /* Debug */ = {
			isa = XCBuildConfiguration;
			buildSettings = {
				ALWAYS_EMBED_SWIFT_STANDARD_LIBRARIES = YES;
				BUNDLE_LOADER = "$(TEST_HOST)";
				CODE_SIGN_STYLE = Automatic;
				CURRENT_PROJECT_VERSION = 1;
				GENERATE_INFOPLIST_FILE = YES;
				IPHONEOS_DEPLOYMENT_TARGET = 17.4;
				MARKETING_VERSION = 1.0;
				PRODUCT_BUNDLE_IDENTIFIER = com.inho.KTVTests;
				PRODUCT_NAME = "$(TARGET_NAME)";
				SWIFT_EMIT_LOC_STRINGS = NO;
				SWIFT_VERSION = 5.0;
				TARGETED_DEVICE_FAMILY = "1,2";
				TEST_HOST = "$(BUILT_PRODUCTS_DIR)/KTV.app/$(BUNDLE_EXECUTABLE_FOLDER_PATH)/KTV";
			};
			name = Debug;
		};
		B2D8100F2BA55B95005FB3A8 /* Release */ = {
			isa = XCBuildConfiguration;
			buildSettings = {
				ALWAYS_EMBED_SWIFT_STANDARD_LIBRARIES = YES;
				BUNDLE_LOADER = "$(TEST_HOST)";
				CODE_SIGN_STYLE = Automatic;
				CURRENT_PROJECT_VERSION = 1;
				GENERATE_INFOPLIST_FILE = YES;
				IPHONEOS_DEPLOYMENT_TARGET = 17.4;
				MARKETING_VERSION = 1.0;
				PRODUCT_BUNDLE_IDENTIFIER = com.inho.KTVTests;
				PRODUCT_NAME = "$(TARGET_NAME)";
				SWIFT_EMIT_LOC_STRINGS = NO;
				SWIFT_VERSION = 5.0;
				TARGETED_DEVICE_FAMILY = "1,2";
				TEST_HOST = "$(BUILT_PRODUCTS_DIR)/KTV.app/$(BUNDLE_EXECUTABLE_FOLDER_PATH)/KTV";
			};
			name = Release;
		};
		B2D810112BA55B95005FB3A8 /* Debug */ = {
			isa = XCBuildConfiguration;
			buildSettings = {
				ALWAYS_EMBED_SWIFT_STANDARD_LIBRARIES = YES;
				CODE_SIGN_STYLE = Automatic;
				CURRENT_PROJECT_VERSION = 1;
				GENERATE_INFOPLIST_FILE = YES;
				MARKETING_VERSION = 1.0;
				PRODUCT_BUNDLE_IDENTIFIER = com.inho.KTVUITests;
				PRODUCT_NAME = "$(TARGET_NAME)";
				SWIFT_EMIT_LOC_STRINGS = NO;
				SWIFT_VERSION = 5.0;
				TARGETED_DEVICE_FAMILY = "1,2";
				TEST_TARGET_NAME = KTV;
			};
			name = Debug;
		};
		B2D810122BA55B95005FB3A8 /* Release */ = {
			isa = XCBuildConfiguration;
			buildSettings = {
				ALWAYS_EMBED_SWIFT_STANDARD_LIBRARIES = YES;
				CODE_SIGN_STYLE = Automatic;
				CURRENT_PROJECT_VERSION = 1;
				GENERATE_INFOPLIST_FILE = YES;
				MARKETING_VERSION = 1.0;
				PRODUCT_BUNDLE_IDENTIFIER = com.inho.KTVUITests;
				PRODUCT_NAME = "$(TARGET_NAME)";
				SWIFT_EMIT_LOC_STRINGS = NO;
				SWIFT_VERSION = 5.0;
				TARGETED_DEVICE_FAMILY = "1,2";
				TEST_TARGET_NAME = KTV;
			};
			name = Release;
		};
/* End XCBuildConfiguration section */

/* Begin XCConfigurationList section */
		B2D80FDB2BA55B94005FB3A8 /* Build configuration list for PBXProject "KTV" */ = {
			isa = XCConfigurationList;
			buildConfigurations = (
				B2D810082BA55B95005FB3A8 /* Debug */,
				B2D810092BA55B95005FB3A8 /* Release */,
			);
			defaultConfigurationIsVisible = 0;
			defaultConfigurationName = Release;
		};
		B2D8100A2BA55B95005FB3A8 /* Build configuration list for PBXNativeTarget "KTV" */ = {
			isa = XCConfigurationList;
			buildConfigurations = (
				B2D8100B2BA55B95005FB3A8 /* Debug */,
				B2D8100C2BA55B95005FB3A8 /* Release */,
			);
			defaultConfigurationIsVisible = 0;
			defaultConfigurationName = Release;
		};
		B2D8100D2BA55B95005FB3A8 /* Build configuration list for PBXNativeTarget "KTVTests" */ = {
			isa = XCConfigurationList;
			buildConfigurations = (
				B2D8100E2BA55B95005FB3A8 /* Debug */,
				B2D8100F2BA55B95005FB3A8 /* Release */,
			);
			defaultConfigurationIsVisible = 0;
			defaultConfigurationName = Release;
		};
		B2D810102BA55B95005FB3A8 /* Build configuration list for PBXNativeTarget "KTVUITests" */ = {
			isa = XCConfigurationList;
			buildConfigurations = (
				B2D810112BA55B95005FB3A8 /* Debug */,
				B2D810122BA55B95005FB3A8 /* Release */,
			);
			defaultConfigurationIsVisible = 0;
			defaultConfigurationName = Release;
		};
/* End XCConfigurationList section */
	};
	rootObject = B2D80FD82BA55B94005FB3A8 /* Project object */;
}
